{
    "_meta": {
        "hash": {
            "sha256": "d7386d9db7852264bdbbfdf28bd4f35c325af13c2c871fe8149018cf5481547e"
        },
        "pipfile-spec": 6,
        "requires": {
            "python_version": "3.6"
        },
        "sources": [
            {
                "name": "pypi",
                "url": "https://pypi.org/simple",
                "verify_ssl": true
            }
        ]
    },
    "default": {
        "boto3": {
            "hashes": [
                "sha256:24f2de3eb977f31f9acca2abf661f8ae5b0ce82f6847d458bb13332ada7d17c6",
                "sha256:c8492a53e0bfeca83fa03273dff7ab7d5ac5cf78a0ce1b7e9fc7f241ca6f4dd4"
            ],
            "index": "pypi",
            "version": "==1.7.65"
        },
        "botocore": {
            "hashes": [
                "sha256:35f626029a6b17bfd503ce3379b121606e3f965edcab2612bc75ce8603fdf08c",
                "sha256:db223c2d8004ebc9325e8b15d7c5ac87b66636fd76ce3f0caabc8f8ab2df8ef7"
            ],
            "version": "==1.10.65"
        },
        "collectfast": {
            "hashes": [
                "sha256:8da781c000e3bc0153166d830fd285da44f5f570a550001df23282d243967004",
                "sha256:fe6d811b25865bef5ae3b39c64b0d38776843f77a6d949ae449317afe84ed570"
            ],
            "index": "pypi",
            "version": "==0.6.2"
        },
        "django": {
            "hashes": [
                "sha256:3c5b070482df4f9e5750539dc1824d353729ee423fd410c579b8cd3dea5b0617",
                "sha256:cbd3944599086518cdcf3235e90230c8b8a9c5476b20447ee57b313dba14f67a"
            ],
            "index": "pypi",
            "version": "==1.11.2"
        },
        "django-bootstrap3": {
            "hashes": [
                "sha256:6f7946d513d6340bb70f25d8ec047bf3bf37bab9e499d3baca99b1aa0ec92a52"
            ],
            "index": "pypi",
            "version": "==8.2.3"
        },
        "django-debug-toolbar": {
            "hashes": [
                "sha256:0b4d2b1ac49a8bc5604518e8e20f56c1c08c0c4873336107e7c773c42537876b",
                "sha256:e9f08b94f9423ac76cfc287151182bbaddbe7521ae32bef9f9863e2ac58018d3"
            ],
            "index": "pypi",
            "version": "==1.8"
        },
        "django-environ": {
            "hashes": [
                "sha256:6c9d87660142608f63ec7d5ce5564c49b603ea8ff25da595fd6098f6dc82afde",
                "sha256:c57b3c11ec1f319d9474e3e5a79134f40174b17c7cc024bbb2fad84646b120c4"
            ],
            "index": "pypi",
            "version": "==0.4.5"
        },
        "django-storages": {
            "hashes": [
                "sha256:7339070cf0c8042f5a885783a0a909175a8dbb68e7f5697d597571c830a460c4",
                "sha256:f1dd5668a4df9a23aff56c8321ea3aac3fda23d9d17473158d308d1b13e5363e"
            ],
            "index": "pypi",
            "version": "==1.6.6"
        },
        "docutils": {
            "hashes": [
                "sha256:02aec4bd92ab067f6ff27a38a38a41173bf01bed8f89157768c1573f53e474a6",
                "sha256:51e64ef2ebfb29cae1faa133b3710143496eca21c530f3f71424d77687764274",
                "sha256:7a4bd47eaf6596e1295ecb11361139febe29b084a87bf005bf899f9a42edc3c6"
            ],
            "version": "==0.14"
        },
        "jmespath": {
            "hashes": [
                "sha256:6a81d4c9aa62caf061cb517b4d9ad1dd300374cd4706997aff9cd6aedd61fc64",
                "sha256:f11b4461f425740a1d908e9a3f7365c3d2e569f6ca68a2ff8bc5bcd9676edd63"
            ],
            "version": "==0.9.3"
        },
        "olefile": {
            "hashes": [
                "sha256:61f2ca0cd0aa77279eb943c07f607438edf374096b66332fae1ee64a6f0f73ad"
            ],
            "index": "pypi",
            "version": "==0.44"
        },
        "pillow": {
            "hashes": [
                "sha256:00b6a5f28d00f720235a937ebc2f50f4292a5c7e2d6ab9a8b26153b625c4f431",
                "sha256:025208f835383f425e93d574842f9c5d28918cd4cdf632c1ce2e72ab80d8fcc8",
                "sha256:059a9b4e064b70e1396a3ae64781a91512f773cae548c24b12014616f723f22d",
                "sha256:17f7702f22729ffeb69f5226abf3261ef2d2eb73ab5854c1294daa3bdb5bdfb7",
                "sha256:20a3549d7a83e969eb900c726d54b34673efc1d0e3c9856b8227350f7e21d968",
                "sha256:24258e1875c8a9de1b176bf1873436397669440d1561b06b00eb270bffefcb42",
                "sha256:318b4404c8ca34cc1514d60de81ac4a0b0d11031a70341c2b7cd4fc01c914d89",
                "sha256:33a71986741227c8c085ee5929171cd4c9376b2eee189cdc7acc7d81e1a3ca84",
                "sha256:3499deb97561d6cc75de725fcf744491dd2d10d6213a29c4d62e3980e1522715",
                "sha256:3ad24690882b68599b9e6b25309000881eebcc731ca499f8dcc549fab006e4a3",
                "sha256:3c05df947656d8538dfb39fb8ddb9fe3594c9345911aa19f07e2ed0a8d148a6d",
                "sha256:48cdae5e5291d355fc215ede2ea93738e243c2467b11e41fa5010a76fd278fc5",
                "sha256:4b382c0ee6ac822673e1a57c2e9878d2ac4cd52038be097bac8535a2ee60ec0e",
                "sha256:6458293cf299f02f17f58a1ee4b91f77b8ce7a38bc0e757838767f1389479953",
                "sha256:8ef6627adfe9314b4132d4f5207563ba147e3977019ab1ca3f0b11b04c83c84f",
                "sha256:9c508bf0b2aadad4349f69aebe080977dbf0cd055cefc15793c4165851a96933",
                "sha256:9d7c0706cd86fc17643d78674cdac7f05590a2da1d71c42c2ebfb27df3889f17",
                "sha256:a2a873b54881c4cf4d8b37f3c426c2b8f797b341e3893650763a62252bda3922",
                "sha256:b79fc81352a3c907a1223499d790a4a7b77be342b794e19628046c4c95676356",
                "sha256:c040a047209edaf860ce6dd5b55de718e047144b26b0ee4198dd19907c128eac",
                "sha256:d71992826cfed66f5ad68364b2c6c3c1ab305294a642deae96ad77004981fb0f",
                "sha256:e467d0977997b43ca80b7af42de3d1cfa779988f6507965e6d4fb1a004e963a0",
                "sha256:ecf810b5019ce62846a9203bab82eb02bb9ed60e258b2fd89e2ca19a7010da46",
                "sha256:f4fb801bfd2bcbfc4a7f2819c95ea6a1cfef197420ae9849b01b08b9970a51b3",
                "sha256:f63404731fa5fa0c21d00af119b867e30208e3fc148c9b13fb6a541a8df203b2",
                "sha256:f8e8f3f20e32f73f81ec408061f7a81ada07d7b3fac0787bdd233b93e4ff7d9c",
                "sha256:fb3eaba16b6cf01f12860edccac40f98362bc17225575f3bcabb333d0b4ed6dc"
            ],
            "index": "pypi",
            "markers": "python_version != '3.1.*' and python_version >= '2.7' and python_version != '3.2.*' and python_version != '3.0.*' and python_version != '3.3.*'",
            "version": "==4.1.1"
        },
        "psycopg2": {
            "hashes": [
                "sha256:0b9e48a1c1505699a64ac58815ca99104aacace8321e455072cee4f7fe7b2698",
                "sha256:0f4c784e1b5a320efb434c66a50b8dd7e30a7dc047e8f45c0a8d2694bfe72781",
                "sha256:0fdbaa32c9eb09ef09d425dc154628fca6fa69d2f7c1a33f889abb7e0efb3909",
                "sha256:11fbf688d5c953c0a5ba625cc42dea9aeb2321942c7c5ed9341a68f865dc8cb1",
                "sha256:19eaac4eb25ab078bd0f28304a0cb08702d120caadfe76bb1e6846ed1f68635e",
                "sha256:3232ec1a3bf4dba97fbf9b03ce12e4b6c1d01ea3c85773903a67ced725728232",
                "sha256:36f8f9c216fcca048006f6dd60e4d3e6f406afde26cfb99e063f137070139eaf",
                "sha256:59c1a0e4f9abe970062ed35d0720935197800a7ef7a62b3a9e3a70588d9ca40b",
                "sha256:6506c5ff88750948c28d41852c09c5d2a49f51f28c6d90cbf1b6808e18c64e88",
                "sha256:6bc3e68ee16f571681b8c0b6d5c0a77bef3c589012352b3f0cf5520e674e9d01",
                "sha256:6dbbd7aabbc861eec6b910522534894d9dbb507d5819bc982032c3ea2e974f51",
                "sha256:6e737915de826650d1a5f7ff4ac6cf888a26f021a647390ca7bafdba0e85462b",
                "sha256:6ed9b2cfe85abc720e8943c1808eeffd41daa73e18b7c1e1a228b0b91f768ccc",
                "sha256:711ec617ba453fdfc66616db2520db3a6d9a891e3bf62ef9aba4c95bb4e61230",
                "sha256:844dacdf7530c5c612718cf12bc001f59b2d9329d35b495f1ff25045161aa6af",
                "sha256:86b52e146da13c896e50c5a3341a9448151f1092b1a4153e425d1e8b62fec508",
                "sha256:985c06c2a0f227131733ae58d6a541a5bc8b665e7305494782bebdb74202b793",
                "sha256:a86dfe45f4f9c55b1a2312ff20a59b30da8d39c0e8821d00018372a2a177098f",
                "sha256:aa3cd07f7f7e3183b63d48300666f920828a9dbd7d7ec53d450df2c4953687a9",
                "sha256:b1964ed645ef8317806d615d9ff006c0dadc09dfc54b99ae67f9ba7a1ec9d5d2",
                "sha256:b2abbff9e4141484bb89b96eb8eae186d77bc6d5ffbec6b01783ee5c3c467351",
                "sha256:cc33c3a90492e21713260095f02b12bee02b8d1f2c03a221d763ce04fa90e2e9",
                "sha256:d7de3bf0986d777807611c36e809b77a13bf1888f5c8db0ebf24b47a52d10726",
                "sha256:db5e3c52576cc5b93a959a03ccc3b02cb8f0af1fbbdc80645f7a215f0b864f3a",
                "sha256:e168aa795ffbb11379c942cf95bf813c7db9aa55538eb61de8c6815e092416f5",
                "sha256:e9ca911f8e2d3117e5241d5fa9aaa991cb22fb0792627eeada47425d706b5ec8",
                "sha256:eccf962d41ca46e6326b97c8fe0a6687b58dfc1a5f6540ed071ff1474cea749e",
                "sha256:efa19deae6b9e504a74347fe5e25c2cb9343766c489c2ae921b05f37338b18d1",
                "sha256:f4b0460a21f784abe17b496f66e74157a6c36116fa86da8bf6aa028b9e8ad5fe",
                "sha256:f93d508ca64d924d478fb11e272e09524698f0c581d9032e68958cfbdd41faef"
            ],
            "index": "pypi",
            "version": "==2.7.5"
        },
        "python-dateutil": {
            "hashes": [
                "sha256:1adb80e7a782c12e52ef9a8182bebeb73f1d7e24e374397af06fb4956c8dc5c0",
                "sha256:e27001de32f627c22380a688bcc43ce83504a7bc5da472209b4c70f02829f0b8"
            ],
            "markers": "python_version >= '2.7'",
            "version": "==2.7.3"
        },
        "pytz": {
            "hashes": [
                "sha256:d1d6729c85acea5423671382868627129432fba9a89ecbb248d8d1c7a9f01c67",
                "sha256:f5c056e8f62d45ba8215e5cb8f50dfccb198b4b9fbea8500674f3443e4689589"
            ],
            "index": "pypi",
            "version": "==2017.2"
        },
        "s3transfer": {
            "hashes": [
                "sha256:90dc18e028989c609146e241ea153250be451e05ecc0c2832565231dacdf59c1",
                "sha256:c7a9ec356982d5e9ab2d4b46391a7d6a950e2b04c472419f5fdec70cc0ada72f"
            ],
            "version": "==0.1.13"
        },
        "six": {
            "hashes": [
                "sha256:70e8a77beed4562e7f14fe23a786b54f6296e34344c23bc42f07b15018ff98e9",
                "sha256:832dc0e10feb1aa2c68dcc57dbb658f1c7e65b9b61af69048abc87a2db00a0eb"
            ],
            "version": "==1.11.0"
        },
        "sqlparse": {
            "hashes": [
                "sha256:740a023ef38ce11bbb99a9d143856f56ef4ec5b0d7a853f58c02c65b035114c4",
                "sha256:becd7cc7cebbdf311de8ceedfcf2bd2403297024418801947f8c953025beeff8"
            ],
            "index": "pypi",
            "version": "==0.2.3"
        }
    },
    "develop": {}
}
